
Microsoft Visual Studio Solution File, Format Version 12.00
# Visual Studio Version 16
VisualStudioVersion = 16.0.31005.135
MinimumVisualStudioVersion = 10.0.40219.1
Project("{2150E333-8FDC-42A3-9474-1A3956D46DE8}") = "ProductsService", "ProductsService", "{7BF14517-DE8E-4D94-A2B4-352A1E5192A8}"
EndProject
Project("{2150E333-8FDC-42A3-9474-1A3956D46DE8}") = "OrdersService", "OrdersService", "{4B1C93C9-DBD6-4DF8-B064-04F857B4E14F}"
EndProject
Project("{2150E333-8FDC-42A3-9474-1A3956D46DE8}") = "Core", "Core", "{E2B2E9BA-EE34-4233-BFFA-EC8A13D2A4AA}"
EndProject
Project("{2150E333-8FDC-42A3-9474-1A3956D46DE8}") = "Presentation", "Presentation", "{11947F9B-A3CD-4609-B517-B7F01C5A4A18}"
EndProject
Project("{2150E333-8FDC-42A3-9474-1A3956D46DE8}") = "Infrastructure", "Infrastructure", "{20DAEA5B-F01A-46CB-8AC0-428C38B59F0C}"
EndProject
Project("{9A19103F-16F7-4668-BE54-9A1E7A4F7556}") = "Products.Domain", "Products.Domain\Products.Domain.csproj", "{BA2BF94F-FA91-4879-BD7B-312A5FA90EF8}"
EndProject
Project("{9A19103F-16F7-4668-BE54-9A1E7A4F7556}") = "Products.Application", "Products.Application\Products.Application.csproj", "{634E07B0-07A1-4855-B82D-947C61E30D20}"
EndProject
Project("{9A19103F-16F7-4668-BE54-9A1E7A4F7556}") = "Products.Persistence.Entites", "Persistent.Entites\Products.Persistence.Entites.csproj", "{EB0DE692-8E27-480C-9D1B-91CAE4597FDB}"
EndProject
Project("{9A19103F-16F7-4668-BE54-9A1E7A4F7556}") = "Products.Persistence.Services", "Persistent.Services\Products.Persistence.Services.csproj", "{3DB6027F-B646-4797-B1B8-C441ED0D7FB4}"
EndProject
Project("{9A19103F-16F7-4668-BE54-9A1E7A4F7556}") = "Products.API", "Products.API\Products.API.csproj", "{689A54DD-E45A-49F5-B162-FA41E3BF4A5E}"
EndProject
Project("{2150E333-8FDC-42A3-9474-1A3956D46DE8}") = "DAL", "DAL", "{EA920899-1163-4874-AF7D-9773DBE741CA}"
EndProject
Project("{2150E333-8FDC-42A3-9474-1A3956D46DE8}") = "BLL", "BLL", "{791598FF-09C1-48FA-84C3-A8432B30080D}"
EndProject
Project("{2150E333-8FDC-42A3-9474-1A3956D46DE8}") = "PresentationL", "PresentationL", "{FF8294B9-2D49-4B69-ADF5-5E8675F94FAA}"
EndProject
Project("{9A19103F-16F7-4668-BE54-9A1E7A4F7556}") = "Orders.DAL", "Orders.DAL\Orders.DAL.csproj", "{52DFF4A8-019C-43A1-842F-C0AE09694EB1}"
EndProject
Project("{9A19103F-16F7-4668-BE54-9A1E7A4F7556}") = "Orders.BLL", "Orders.BLL\Orders.BLL.csproj", "{AA7CD741-9EA9-4CC0-A3ED-08731573EF6A}"
EndProject
Project("{9A19103F-16F7-4668-BE54-9A1E7A4F7556}") = "Orders.API", "Orders.API\Orders.API.csproj", "{04370AEC-A80E-4BF5-B833-BF36B73DB322}"
EndProject
Project("{2150E333-8FDC-42A3-9474-1A3956D46DE8}") = "APIGateway", "APIGateway", "{16D02D08-AACC-45AC-88DF-2824E4EB1DED}"
EndProject
Project("{9A19103F-16F7-4668-BE54-9A1E7A4F7556}") = "Gateway.API", "Gateway.API\Gateway.API.csproj", "{2356BF9E-8075-4D00-99D0-2419EADBC74A}"
EndProject
Project("{2150E333-8FDC-42A3-9474-1A3956D46DE8}") = "IdentityServer", "IdentityServer", "{BEBC1F3C-C18A-41B6-9013-1AEDDE94DFA0}"
EndProject
Project("{9A19103F-16F7-4668-BE54-9A1E7A4F7556}") = "IdentityServer", "IdentityServer\IdentityServer.csproj", "{23444FC5-9E21-45A4-8891-E7EB091363B9}"
EndProject
Global
	GlobalSection(SolutionConfigurationPlatforms) = preSolution
		Debug|Any CPU = Debug|Any CPU
		Debug|x64 = Debug|x64
		Release|Any CPU = Release|Any CPU
		Release|x64 = Release|x64
	EndGlobalSection
	GlobalSection(ProjectConfigurationPlatforms) = postSolution
		{BA2BF94F-FA91-4879-BD7B-312A5FA90EF8}.Debug|Any CPU.ActiveCfg = Debug|Any CPU
		{BA2BF94F-FA91-4879-BD7B-312A5FA90EF8}.Debug|Any CPU.Build.0 = Debug|Any CPU
		{BA2BF94F-FA91-4879-BD7B-312A5FA90EF8}.Debug|x64.ActiveCfg = Debug|Any CPU
		{BA2BF94F-FA91-4879-BD7B-312A5FA90EF8}.Debug|x64.Build.0 = Debug|Any CPU
		{BA2BF94F-FA91-4879-BD7B-312A5FA90EF8}.Release|Any CPU.ActiveCfg = Release|Any CPU
		{BA2BF94F-FA91-4879-BD7B-312A5FA90EF8}.Release|Any CPU.Build.0 = Release|Any CPU
		{BA2BF94F-FA91-4879-BD7B-312A5FA90EF8}.Release|x64.ActiveCfg = Release|Any CPU
		{BA2BF94F-FA91-4879-BD7B-312A5FA90EF8}.Release|x64.Build.0 = Release|Any CPU
		{634E07B0-07A1-4855-B82D-947C61E30D20}.Debug|Any CPU.ActiveCfg = Debug|Any CPU
		{634E07B0-07A1-4855-B82D-947C61E30D20}.Debug|Any CPU.Build.0 = Debug|Any CPU
		{634E07B0-07A1-4855-B82D-947C61E30D20}.Debug|x64.ActiveCfg = Debug|Any CPU
		{634E07B0-07A1-4855-B82D-947C61E30D20}.Debug|x64.Build.0 = Debug|Any CPU
		{634E07B0-07A1-4855-B82D-947C61E30D20}.Release|Any CPU.ActiveCfg = Release|Any CPU
		{634E07B0-07A1-4855-B82D-947C61E30D20}.Release|Any CPU.Build.0 = Release|Any CPU
		{634E07B0-07A1-4855-B82D-947C61E30D20}.Release|x64.ActiveCfg = Release|Any CPU
		{634E07B0-07A1-4855-B82D-947C61E30D20}.Release|x64.Build.0 = Release|Any CPU
		{EB0DE692-8E27-480C-9D1B-91CAE4597FDB}.Debug|Any CPU.ActiveCfg = Debug|Any CPU
		{EB0DE692-8E27-480C-9D1B-91CAE4597FDB}.Debug|Any CPU.Build.0 = Debug|Any CPU
		{EB0DE692-8E27-480C-9D1B-91CAE4597FDB}.Debug|x64.ActiveCfg = Debug|Any CPU
		{EB0DE692-8E27-480C-9D1B-91CAE4597FDB}.Debug|x64.Build.0 = Debug|Any CPU
		{EB0DE692-8E27-480C-9D1B-91CAE4597FDB}.Release|Any CPU.ActiveCfg = Release|Any CPU
		{EB0DE692-8E27-480C-9D1B-91CAE4597FDB}.Release|Any CPU.Build.0 = Release|Any CPU
		{EB0DE692-8E27-480C-9D1B-91CAE4597FDB}.Release|x64.ActiveCfg = Release|Any CPU
		{EB0DE692-8E27-480C-9D1B-91CAE4597FDB}.Release|x64.Build.0 = Release|Any CPU
		{3DB6027F-B646-4797-B1B8-C441ED0D7FB4}.Debug|Any CPU.ActiveCfg = Debug|Any CPU
		{3DB6027F-B646-4797-B1B8-C441ED0D7FB4}.Debug|Any CPU.Build.0 = Debug|Any CPU
		{3DB6027F-B646-4797-B1B8-C441ED0D7FB4}.Debug|x64.ActiveCfg = Debug|Any CPU
		{3DB6027F-B646-4797-B1B8-C441ED0D7FB4}.Debug|x64.Build.0 = Debug|Any CPU
		{3DB6027F-B646-4797-B1B8-C441ED0D7FB4}.Release|Any CPU.ActiveCfg = Release|Any CPU
		{3DB6027F-B646-4797-B1B8-C441ED0D7FB4}.Release|Any CPU.Build.0 = Release|Any CPU
		{3DB6027F-B646-4797-B1B8-C441ED0D7FB4}.Release|x64.ActiveCfg = Release|Any CPU
		{3DB6027F-B646-4797-B1B8-C441ED0D7FB4}.Release|x64.Build.0 = Release|Any CPU
		{689A54DD-E45A-49F5-B162-FA41E3BF4A5E}.Debug|Any CPU.ActiveCfg = Debug|Any CPU
		{689A54DD-E45A-49F5-B162-FA41E3BF4A5E}.Debug|Any CPU.Build.0 = Debug|Any CPU
		{689A54DD-E45A-49F5-B162-FA41E3BF4A5E}.Debug|x64.ActiveCfg = Debug|Any CPU
		{689A54DD-E45A-49F5-B162-FA41E3BF4A5E}.Debug|x64.Build.0 = Debug|Any CPU
		{689A54DD-E45A-49F5-B162-FA41E3BF4A5E}.Release|Any CPU.ActiveCfg = Release|Any CPU
		{689A54DD-E45A-49F5-B162-FA41E3BF4A5E}.Release|Any CPU.Build.0 = Release|Any CPU
		{689A54DD-E45A-49F5-B162-FA41E3BF4A5E}.Release|x64.ActiveCfg = Release|Any CPU
		{689A54DD-E45A-49F5-B162-FA41E3BF4A5E}.Release|x64.Build.0 = Release|Any CPU
		{52DFF4A8-019C-43A1-842F-C0AE09694EB1}.Debug|Any CPU.ActiveCfg = Debug|Any CPU
		{52DFF4A8-019C-43A1-842F-C0AE09694EB1}.Debug|Any CPU.Build.0 = Debug|Any CPU
		{52DFF4A8-019C-43A1-842F-C0AE09694EB1}.Debug|x64.ActiveCfg = Debug|Any CPU
		{52DFF4A8-019C-43A1-842F-C0AE09694EB1}.Debug|x64.Build.0 = Debug|Any CPU
		{52DFF4A8-019C-43A1-842F-C0AE09694EB1}.Release|Any CPU.ActiveCfg = Release|Any CPU
		{52DFF4A8-019C-43A1-842F-C0AE09694EB1}.Release|Any CPU.Build.0 = Release|Any CPU
		{52DFF4A8-019C-43A1-842F-C0AE09694EB1}.Release|x64.ActiveCfg = Release|Any CPU
		{52DFF4A8-019C-43A1-842F-C0AE09694EB1}.Release|x64.Build.0 = Release|Any CPU
		{AA7CD741-9EA9-4CC0-A3ED-08731573EF6A}.Debug|Any CPU.ActiveCfg = Debug|Any CPU
		{AA7CD741-9EA9-4CC0-A3ED-08731573EF6A}.Debug|Any CPU.Build.0 = Debug|Any CPU
		{AA7CD741-9EA9-4CC0-A3ED-08731573EF6A}.Debug|x64.ActiveCfg = Debug|Any CPU
		{AA7CD741-9EA9-4CC0-A3ED-08731573EF6A}.Debug|x64.Build.0 = Debug|Any CPU
		{AA7CD741-9EA9-4CC0-A3ED-08731573EF6A}.Release|Any CPU.ActiveCfg = Release|Any CPU
		{AA7CD741-9EA9-4CC0-A3ED-08731573EF6A}.Release|Any CPU.Build.0 = Release|Any CPU
		{AA7CD741-9EA9-4CC0-A3ED-08731573EF6A}.Release|x64.ActiveCfg = Release|Any CPU
		{AA7CD741-9EA9-4CC0-A3ED-08731573EF6A}.Release|x64.Build.0 = Release|Any CPU
		{04370AEC-A80E-4BF5-B833-BF36B73DB322}.Debug|Any CPU.ActiveCfg = Debug|Any CPU
		{04370AEC-A80E-4BF5-B833-BF36B73DB322}.Debug|Any CPU.Build.0 = Debug|Any CPU
		{04370AEC-A80E-4BF5-B833-BF36B73DB322}.Debug|x64.ActiveCfg = Debug|Any CPU
		{04370AEC-A80E-4BF5-B833-BF36B73DB322}.Debug|x64.Build.0 = Debug|Any CPU
		{04370AEC-A80E-4BF5-B833-BF36B73DB322}.Release|Any CPU.ActiveCfg = Release|Any CPU
		{04370AEC-A80E-4BF5-B833-BF36B73DB322}.Release|Any CPU.Build.0 = Release|Any CPU
		{04370AEC-A80E-4BF5-B833-BF36B73DB322}.Release|x64.ActiveCfg = Release|Any CPU
		{04370AEC-A80E-4BF5-B833-BF36B73DB322}.Release|x64.Build.0 = Release|Any CPU
		{2356BF9E-8075-4D00-99D0-2419EADBC74A}.Debug|Any CPU.ActiveCfg = Debug|Any CPU
		{2356BF9E-8075-4D00-99D0-2419EADBC74A}.Debug|Any CPU.Build.0 = Debug|Any CPU
		{2356BF9E-8075-4D00-99D0-2419EADBC74A}.Debug|x64.ActiveCfg = Debug|Any CPU
		{2356BF9E-8075-4D00-99D0-2419EADBC74A}.Debug|x64.Build.0 = Debug|Any CPU
		{2356BF9E-8075-4D00-99D0-2419EADBC74A}.Release|Any CPU.ActiveCfg = Release|Any CPU
		{2356BF9E-8075-4D00-99D0-2419EADBC74A}.Release|Any CPU.Build.0 = Release|Any CPU
		{2356BF9E-8075-4D00-99D0-2419EADBC74A}.Release|x64.ActiveCfg = Release|Any CPU
		{2356BF9E-8075-4D00-99D0-2419EADBC74A}.Release|x64.Build.0 = Release|Any CPU
		{23444FC5-9E21-45A4-8891-E7EB091363B9}.Debug|Any CPU.ActiveCfg = Debug|Any CPU
		{23444FC5-9E21-45A4-8891-E7EB091363B9}.Debug|Any CPU.Build.0 = Debug|Any CPU
		{23444FC5-9E21-45A4-8891-E7EB091363B9}.Debug|x64.ActiveCfg = Debug|Any CPU
		{23444FC5-9E21-45A4-8891-E7EB091363B9}.Debug|x64.Build.0 = Debug|Any CPU
		{23444FC5-9E21-45A4-8891-E7EB091363B9}.Release|Any CPU.ActiveCfg = Release|Any CPU
		{23444FC5-9E21-45A4-8891-E7EB091363B9}.Release|Any CPU.Build.0 = Release|Any CPU
		{23444FC5-9E21-45A4-8891-E7EB091363B9}.Release|x64.ActiveCfg = Release|Any CPU
		{23444FC5-9E21-45A4-8891-E7EB091363B9}.Release|x64.Build.0 = Release|Any CPU
	EndGlobalSection
	GlobalSection(SolutionProperties) = preSolution
		HideSolutionNode = FALSE
	EndGlobalSection
	GlobalSection(NestedProjects) = preSolution
		{E2B2E9BA-EE34-4233-BFFA-EC8A13D2A4AA} = {7BF14517-DE8E-4D94-A2B4-352A1E5192A8}
		{11947F9B-A3CD-4609-B517-B7F01C5A4A18} = {7BF14517-DE8E-4D94-A2B4-352A1E5192A8}
		{20DAEA5B-F01A-46CB-8AC0-428C38B59F0C} = {7BF14517-DE8E-4D94-A2B4-352A1E5192A8}
		{BA2BF94F-FA91-4879-BD7B-312A5FA90EF8} = {E2B2E9BA-EE34-4233-BFFA-EC8A13D2A4AA}
		{634E07B0-07A1-4855-B82D-947C61E30D20} = {E2B2E9BA-EE34-4233-BFFA-EC8A13D2A4AA}
		{EB0DE692-8E27-480C-9D1B-91CAE4597FDB} = {20DAEA5B-F01A-46CB-8AC0-428C38B59F0C}
		{3DB6027F-B646-4797-B1B8-C441ED0D7FB4} = {20DAEA5B-F01A-46CB-8AC0-428C38B59F0C}
		{689A54DD-E45A-49F5-B162-FA41E3BF4A5E} = {11947F9B-A3CD-4609-B517-B7F01C5A4A18}
		{EA920899-1163-4874-AF7D-9773DBE741CA} = {4B1C93C9-DBD6-4DF8-B064-04F857B4E14F}
		{791598FF-09C1-48FA-84C3-A8432B30080D} = {4B1C93C9-DBD6-4DF8-B064-04F857B4E14F}
		{FF8294B9-2D49-4B69-ADF5-5E8675F94FAA} = {4B1C93C9-DBD6-4DF8-B064-04F857B4E14F}
		{52DFF4A8-019C-43A1-842F-C0AE09694EB1} = {EA920899-1163-4874-AF7D-9773DBE741CA}
		{AA7CD741-9EA9-4CC0-A3ED-08731573EF6A} = {791598FF-09C1-48FA-84C3-A8432B30080D}
		{04370AEC-A80E-4BF5-B833-BF36B73DB322} = {FF8294B9-2D49-4B69-ADF5-5E8675F94FAA}
		{2356BF9E-8075-4D00-99D0-2419EADBC74A} = {16D02D08-AACC-45AC-88DF-2824E4EB1DED}
		{23444FC5-9E21-45A4-8891-E7EB091363B9} = {BEBC1F3C-C18A-41B6-9013-1AEDDE94DFA0}
	EndGlobalSection
	GlobalSection(ExtensibilityGlobals) = postSolution
		SolutionGuid = {F895B159-64D8-4629-A2BE-0CEB1FFF96C3}
	EndGlobalSection
EndGlobal
